
Microsoft Visual Studio Solution File, Format Version 12.00
# Visual Studio Version 18
VisualStudioVersion = 18.6.11822.322 stable
MinimumVisualStudioVersion = 10.0.40219.1
Project("{FAE04EC0-301F-11D3-BF4B-00C04F79EFBC}") = "MediFinder", "MediFinder.csproj", "{BB986ACF-20F0-8FD9-4D5C-2949FFA1A724}"
EndProject
Global
	GlobalSection(SolutionConfigurationPlatforms) = preSolution
		Debug|Any CPU = Debug|Any CPU
		Release|Any CPU = Release|Any CPU
	EndGlobalSection
	GlobalSection(ProjectConfigurationPlatforms) = postSolution
		{BB986ACF-20F0-8FD9-4D5C-2949FFA1A724}.Debug|Any CPU.ActiveCfg = Debug|Any CPU
		{BB986ACF-20F0-8FD9-4D5C-2949FFA1A724}.Debug|Any CPU.Build.0 = Debug|Any CPU
		{BB986ACF-20F0-8FD9-4D5C-2949FFA1A724}.Release|Any CPU.ActiveCfg = Release|Any CPU
		{BB986ACF-20F0-8FD9-4D5C-2949FFA1A724}.Release|Any CPU.Build.0 = Release|Any CPU
	EndGlobalSection
	GlobalSection(SolutionProperties) = preSolution
		HideSolutionNode = FALSE
	EndGlobalSection
	GlobalSection(ExtensibilityGlobals) = postSolution
		SolutionGuid = {D21B734A-CEA7-4D7A-895C-A1BF24375A72}
	EndGlobalSection
EndGlobal
